
Microsoft Visual Studio Solution File, Format Version 12.00
Project("{FAE04EC0-301F-11D3-BF4B-00C04F79EFBC}") = "TFLTripPlannerHandCoded", "TFLTripPlannerHandCoded\TFLTripPlannerHandCoded.csproj", "{A69D6709-9279-49D6-B165-565084AAD1D9}"
EndProject
Project("{FAE04EC0-301F-11D3-BF4B-00C04F79EFBC}") = "TFLTripPlannerHandCoded.Test", "TFLTripPlannerHandCoded.Test\TFLTripPlannerHandCoded.Test.csproj", "{742118E4-4473-40CA-BDE4-7B9C1A9F1770}"
EndProject
Global
	GlobalSection(SolutionConfigurationPlatforms) = preSolution
		Debug|Any CPU = Debug|Any CPU
		Release|Any CPU = Release|Any CPU
	EndGlobalSection
	GlobalSection(ProjectConfigurationPlatforms) = postSolution
		{A69D6709-9279-49D6-B165-565084AAD1D9}.Debug|Any CPU.ActiveCfg = Debug|Any CPU
		{A69D6709-9279-49D6-B165-565084AAD1D9}.Debug|Any CPU.Build.0 = Debug|Any CPU
		{A69D6709-9279-49D6-B165-565084AAD1D9}.Release|Any CPU.ActiveCfg = Release|Any CPU
		{A69D6709-9279-49D6-B165-565084AAD1D9}.Release|Any CPU.Build.0 = Release|Any CPU
		{742118E4-4473-40CA-BDE4-7B9C1A9F1770}.Debug|Any CPU.ActiveCfg = Debug|Any CPU
		{742118E4-4473-40CA-BDE4-7B9C1A9F1770}.Debug|Any CPU.Build.0 = Debug|Any CPU
		{742118E4-4473-40CA-BDE4-7B9C1A9F1770}.Release|Any CPU.ActiveCfg = Release|Any CPU
		{742118E4-4473-40CA-BDE4-7B9C1A9F1770}.Release|Any CPU.Build.0 = Release|Any CPU
	EndGlobalSection
EndGlobal
